
Microsoft Visual Studio Solution File, Format Version 12.00
# Visual Studio Version 17
VisualStudioVersion = 17.7.34221.43
MinimumVisualStudioVersion = 10.0.40219.1
Project("{FAE04EC0-301F-11D3-BF4B-00C04F79EFBC}") = "PS.All_Films.Web", "PS.All_Films.Web\PS.All_Films.Web.csproj", "{FA4373D1-A746-47D4-AB5A-5FD74E0300F4}"
EndProject
Global
	GlobalSection(SolutionConfigurationPlatforms) = preSolution
		Debug|Any CPU = Debug|Any CPU
		Release|Any CPU = Release|Any CPU
	EndGlobalSection
	GlobalSection(ProjectConfigurationPlatforms) = postSolution
		{FA4373D1-A746-47D4-AB5A-5FD74E0300F4}.Debug|Any CPU.ActiveCfg = Debug|Any CPU
		{FA4373D1-A746-47D4-AB5A-5FD74E0300F4}.Debug|Any CPU.Build.0 = Debug|Any CPU
		{FA4373D1-A746-47D4-AB5A-5FD74E0300F4}.Release|Any CPU.ActiveCfg = Release|Any CPU
		{FA4373D1-A746-47D4-AB5A-5FD74E0300F4}.Release|Any CPU.Build.0 = Release|Any CPU
	EndGlobalSection
	GlobalSection(SolutionProperties) = preSolution
		HideSolutionNode = FALSE
	EndGlobalSection
	GlobalSection(ExtensibilityGlobals) = postSolution
		SolutionGuid = {BFB85923-F1B7-491B-9822-2E463C53DC9A}
	EndGlobalSection
EndGlobal
